// !$*UTF8*$!
{
	archiveVersion = 1;
	classes = {
	};
	objectVersion = 46;
	objects = {

/* Begin PBXBuildFile section */
		D0797CB3192918DB00002349 /* Foundation.framework in Frameworks */ = {isa = PBXBuildFile; fileRef = D0797CB2192918DB00002349 /* Foundation.framework */; };
		D0797CB5192918DB00002349 /* CoreGraphics.framework in Frameworks */ = {isa = PBXBuildFile; fileRef = D0797CB4192918DB00002349 /* CoreGraphics.framework */; };
		D0797CB7192918DB00002349 /* UIKit.framework in Frameworks */ = {isa = PBXBuildFile; fileRef = D0797CB6192918DB00002349 /* UIKit.framework */; };
		D0797CBD192918DB00002349 /* InfoPlist.strings in Resources */ = {isa = PBXBuildFile; fileRef = D0797CBB192918DB00002349 /* InfoPlist.strings */; };
		D0797CBF192918DB00002349 /* main.m in Sources */ = {isa = PBXBuildFile; fileRef = D0797CBE192918DB00002349 /* main.m */; };
		D0797CC3192918DB00002349 /* BetAppDelegate.m in Sources */ = {isa = PBXBuildFile; fileRef = D0797CC2192918DB00002349 /* BetAppDelegate.m */; };
		D0797CC6192918DB00002349 /* Main.storyboard in Resources */ = {isa = PBXBuildFile; fileRef = D0797CC4192918DB00002349 /* Main.storyboard */; };
		D0797CCB192918DB00002349 /* Images.xcassets in Resources */ = {isa = PBXBuildFile; fileRef = D0797CCA192918DB00002349 /* Images.xcassets */; };
		D0797CD2192918DB00002349 /* XCTest.framework in Frameworks */ = {isa = PBXBuildFile; fileRef = D0797CD1192918DB00002349 /* XCTest.framework */; };
		D0797CD3192918DB00002349 /* Foundation.framework in Frameworks */ = {isa = PBXBuildFile; fileRef = D0797CB2192918DB00002349 /* Foundation.framework */; };
		D0797CD4192918DB00002349 /* UIKit.framework in Frameworks */ = {isa = PBXBuildFile; fileRef = D0797CB6192918DB00002349 /* UIKit.framework */; };
		D0797CDC192918DB00002349 /* InfoPlist.strings in Resources */ = {isa = PBXBuildFile; fileRef = D0797CDA192918DB00002349 /* InfoPlist.strings */; };
		D0797CDE192918DB00002349 /* LetsBetTests.m in Sources */ = {isa = PBXBuildFile; fileRef = D0797CDD192918DB00002349 /* LetsBetTests.m */; };
		D0797CEF1929210500002349 /* BetDiscoveryTableViewController.m in Sources */ = {isa = PBXBuildFile; fileRef = D0797CEE1929210500002349 /* BetDiscoveryTableViewController.m */; };
		D0797CF21929213900002349 /* MyBetTableViewController.m in Sources */ = {isa = PBXBuildFile; fileRef = D0797CF11929213900002349 /* MyBetTableViewController.m */; };
		D0797CF61929D65B00002349 /* BetLoginViewController.m in Sources */ = {isa = PBXBuildFile; fileRef = D0797CF41929D65B00002349 /* BetLoginViewController.m */; };
		D0797CF71929D65B00002349 /* BetLoginViewController.xib in Resources */ = {isa = PBXBuildFile; fileRef = D0797CF51929D65B00002349 /* BetLoginViewController.xib */; };
		D0797CFA1931CEF800002349 /* DiscoveryTableViewCell.m in Sources */ = {isa = PBXBuildFile; fileRef = D0797CF91931CEF800002349 /* DiscoveryTableViewCell.m */; };
		D0797CFE1931E1C900002349 /* BetAddViewController.m in Sources */ = {isa = PBXBuildFile; fileRef = D0797CFC1931E1C900002349 /* BetAddViewController.m */; };
		D0797CFF1931E1C900002349 /* BetAddViewController.xib in Resources */ = {isa = PBXBuildFile; fileRef = D0797CFD1931E1C900002349 /* BetAddViewController.xib */; };
		D0797D021932264E00002349 /* BetInfo.m in Sources */ = {isa = PBXBuildFile; fileRef = D0797D011932264E00002349 /* BetInfo.m */; };
		D0797D05193249DE00002349 /* MyBetTableViewCell.m in Sources */ = {isa = PBXBuildFile; fileRef = D0797D04193249DE00002349 /* MyBetTableViewCell.m */; };
		D0797D091932586E00002349 /* showDetailsViewController.m in Sources */ = {isa = PBXBuildFile; fileRef = D0797D071932586E00002349 /* showDetailsViewController.m */; };
		D0797D0A1932586E00002349 /* showDetailsViewController.xib in Resources */ = {isa = PBXBuildFile; fileRef = D0797D081932586E00002349 /* showDetailsViewController.xib */; };
		D0797D26193465FC00002349 /* UMSocialLocalizable.strings in Resources */ = {isa = PBXBuildFile; fileRef = D0797D0C193465FC00002349 /* UMSocialLocalizable.strings */; };
		D0797D27193465FC00002349 /* libUMSocial_Sdk_3.3.8.a in Frameworks */ = {isa = PBXBuildFile; fileRef = D0797D1A193465FC00002349 /* libUMSocial_Sdk_3.3.8.a */; };
		D0797D28193465FC00002349 /* UMSCommentDetailController.xib in Resources */ = {isa = PBXBuildFile; fileRef = D0797D1C193465FC00002349 /* UMSCommentDetailController.xib */; };
		D0797D29193465FC00002349 /* UMSCommentInputController.xib in Resources */ = {isa = PBXBuildFile; fileRef = D0797D1D193465FC00002349 /* UMSCommentInputController.xib */; };
		D0797D2A193465FC00002349 /* UMSCommentInputControlleriPad.xib in Resources */ = {isa = PBXBuildFile; fileRef = D0797D1E193465FC00002349 /* UMSCommentInputControlleriPad.xib */; };
		D0797D2B193465FC00002349 /* UMShareEditViewController.xib in Resources */ = {isa = PBXBuildFile; fileRef = D0797D1F193465FC00002349 /* UMShareEditViewController.xib */; };
		D0797D2C193465FC00002349 /* UMShareEditViewControlleriPad.xib in Resources */ = {isa = PBXBuildFile; fileRef = D0797D20193465FC00002349 /* UMShareEditViewControlleriPad.xib */; };
		D0797D2D193465FC00002349 /* UMSLoginViewController.xib in Resources */ = {isa = PBXBuildFile; fileRef = D0797D21193465FC00002349 /* UMSLoginViewController.xib */; };
		D0797D2E193465FC00002349 /* UMSnsAccountViewController.xib in Resources */ = {isa = PBXBuildFile; fileRef = D0797D22193465FC00002349 /* UMSnsAccountViewController.xib */; };
		D0797D2F193465FC00002349 /* UMSShareListController.xib in Resources */ = {isa = PBXBuildFile; fileRef = D0797D23193465FC00002349 /* UMSShareListController.xib */; };
		D0797D30193465FC00002349 /* UMSocialSDKResourcesNew.bundle in Resources */ = {isa = PBXBuildFile; fileRef = D0797D24193465FC00002349 /* UMSocialSDKResourcesNew.bundle */; };
		D0797D3719346A1100002349 /* libSocialWechat.a in Frameworks */ = {isa = PBXBuildFile; fileRef = D0797D3219346A1100002349 /* libSocialWechat.a */; };
		D0797D3819346A1100002349 /* libWeChatSDK.a in Frameworks */ = {isa = PBXBuildFile; fileRef = D0797D3319346A1100002349 /* libWeChatSDK.a */; };
/* End PBXBuildFile section */

/* Begin PBXContainerItemProxy section */
		D0797CD5192918DB00002349 /* PBXContainerItemProxy */ = {
			isa = PBXContainerItemProxy;
			containerPortal = D0797CA7192918DB00002349 /* Project object */;
			proxyType = 1;
			remoteGlobalIDString = D0797CAE192918DB00002349;
			remoteInfo = LetsBet;
		};
/* End PBXContainerItemProxy section */

/* Begin PBXFileReference section */
		D0797CAF192918DB00002349 /* LetsBet.app */ = {isa = PBXFileReference; explicitFileType = wrapper.application; includeInIndex = 0; path = LetsBet.app; sourceTree = BUILT_PRODUCTS_DIR; };
		D0797CB2192918DB00002349 /* Foundation.framework */ = {isa = PBXFileReference; lastKnownFileType = wrapper.framework; name = Foundation.framework; path = System/Library/Frameworks/Foundation.framework; sourceTree = SDKROOT; };
		D0797CB4192918DB00002349 /* CoreGraphics.framework */ = {isa = PBXFileReference; lastKnownFileType = wrapper.framework; name = CoreGraphics.framework; path = System/Library/Frameworks/CoreGraphics.framework; sourceTree = SDKROOT; };
		D0797CB6192918DB00002349 /* UIKit.framework */ = {isa = PBXFileReference; lastKnownFileType = wrapper.framework; name = UIKit.framework; path = System/Library/Frameworks/UIKit.framework; sourceTree = SDKROOT; };
		D0797CBA192918DB00002349 /* LetsBet-Info.plist */ = {isa = PBXFileReference; lastKnownFileType = text.plist.xml; path = "LetsBet-Info.plist"; sourceTree = "<group>"; };
		D0797CBC192918DB00002349 /* en */ = {isa = PBXFileReference; lastKnownFileType = text.plist.strings; name = en; path = en.lproj/InfoPlist.strings; sourceTree = "<group>"; };
		D0797CBE192918DB00002349 /* main.m */ = {isa = PBXFileReference; lastKnownFileType = sourcecode.c.objc; path = main.m; sourceTree = "<group>"; };
		D0797CC0192918DB00002349 /* LetsBet-Prefix.pch */ = {isa = PBXFileReference; lastKnownFileType = sourcecode.c.h; path = "LetsBet-Prefix.pch"; sourceTree = "<group>"; };
		D0797CC1192918DB00002349 /* BetAppDelegate.h */ = {isa = PBXFileReference; lastKnownFileType = sourcecode.c.h; path = BetAppDelegate.h; sourceTree = "<group>"; };
		D0797CC2192918DB00002349 /* BetAppDelegate.m */ = {isa = PBXFileReference; lastKnownFileType = sourcecode.c.objc; path = BetAppDelegate.m; sourceTree = "<group>"; };
		D0797CC5192918DB00002349 /* Base */ = {isa = PBXFileReference; lastKnownFileType = file.storyboard; name = Base; path = Base.lproj/Main.storyboard; sourceTree = "<group>"; };
		D0797CCA192918DB00002349 /* Images.xcassets */ = {isa = PBXFileReference; lastKnownFileType = folder.assetcatalog; path = Images.xcassets; sourceTree = "<group>"; };
		D0797CD0192918DB00002349 /* LetsBetTests.xctest */ = {isa = PBXFileReference; explicitFileType = wrapper.cfbundle; includeInIndex = 0; path = LetsBetTests.xctest; sourceTree = BUILT_PRODUCTS_DIR; };
		D0797CD1192918DB00002349 /* XCTest.framework */ = {isa = PBXFileReference; lastKnownFileType = wrapper.framework; name = XCTest.framework; path = Library/Frameworks/XCTest.framework; sourceTree = DEVELOPER_DIR; };
		D0797CD9192918DB00002349 /* LetsBetTests-Info.plist */ = {isa = PBXFileReference; lastKnownFileType = text.plist.xml; path = "LetsBetTests-Info.plist"; sourceTree = "<group>"; };
		D0797CDB192918DB00002349 /* en */ = {isa = PBXFileReference; lastKnownFileType = text.plist.strings; name = en; path = en.lproj/InfoPlist.strings; sourceTree = "<group>"; };
		D0797CDD192918DB00002349 /* LetsBetTests.m */ = {isa = PBXFileReference; lastKnownFileType = sourcecode.c.objc; path = LetsBetTests.m; sourceTree = "<group>"; };
		D0797CED1929210500002349 /* BetDiscoveryTableViewController.h */ = {isa = PBXFileReference; fileEncoding = 4; lastKnownFileType = sourcecode.c.h; path = BetDiscoveryTableViewController.h; sourceTree = "<group>"; };
		D0797CEE1929210500002349 /* BetDiscoveryTableViewController.m */ = {isa = PBXFileReference; fileEncoding = 4; lastKnownFileType = sourcecode.c.objc; path = BetDiscoveryTableViewController.m; sourceTree = "<group>"; };
		D0797CF01929213900002349 /* MyBetTableViewController.h */ = {isa = PBXFileReference; fileEncoding = 4; lastKnownFileType = sourcecode.c.h; path = MyBetTableViewController.h; sourceTree = "<group>"; };
		D0797CF11929213900002349 /* MyBetTableViewController.m */ = {isa = PBXFileReference; fileEncoding = 4; lastKnownFileType = sourcecode.c.objc; path = MyBetTableViewController.m; sourceTree = "<group>"; };
		D0797CF31929D65B00002349 /* BetLoginViewController.h */ = {isa = PBXFileReference; fileEncoding = 4; lastKnownFileType = sourcecode.c.h; path = BetLoginViewController.h; sourceTree = "<group>"; };
		D0797CF41929D65B00002349 /* BetLoginViewController.m */ = {isa = PBXFileReference; fileEncoding = 4; lastKnownFileType = sourcecode.c.objc; path = BetLoginViewController.m; sourceTree = "<group>"; };
		D0797CF51929D65B00002349 /* BetLoginViewController.xib */ = {isa = PBXFileReference; fileEncoding = 4; lastKnownFileType = file.xib; path = BetLoginViewController.xib; sourceTree = "<group>"; };
		D0797CF81931CEF800002349 /* DiscoveryTableViewCell.h */ = {isa = PBXFileReference; fileEncoding = 4; lastKnownFileType = sourcecode.c.h; path = DiscoveryTableViewCell.h; sourceTree = "<group>"; };
		D0797CF91931CEF800002349 /* DiscoveryTableViewCell.m */ = {isa = PBXFileReference; fileEncoding = 4; lastKnownFileType = sourcecode.c.objc; path = DiscoveryTableViewCell.m; sourceTree = "<group>"; };
		D0797CFB1931E1C900002349 /* BetAddViewController.h */ = {isa = PBXFileReference; fileEncoding = 4; lastKnownFileType = sourcecode.c.h; path = BetAddViewController.h; sourceTree = "<group>"; };
		D0797CFC1931E1C900002349 /* BetAddViewController.m */ = {isa = PBXFileReference; fileEncoding = 4; lastKnownFileType = sourcecode.c.objc; path = BetAddViewController.m; sourceTree = "<group>"; };
		D0797CFD1931E1C900002349 /* BetAddViewController.xib */ = {isa = PBXFileReference; fileEncoding = 4; lastKnownFileType = file.xib; path = BetAddViewController.xib; sourceTree = "<group>"; };
		D0797D001932264E00002349 /* BetInfo.h */ = {isa = PBXFileReference; fileEncoding = 4; lastKnownFileType = sourcecode.c.h; path = BetInfo.h; sourceTree = "<group>"; };
		D0797D011932264E00002349 /* BetInfo.m */ = {isa = PBXFileReference; fileEncoding = 4; lastKnownFileType = sourcecode.c.objc; path = BetInfo.m; sourceTree = "<group>"; };
		D0797D03193249DE00002349 /* MyBetTableViewCell.h */ = {isa = PBXFileReference; fileEncoding = 4; lastKnownFileType = sourcecode.c.h; path = MyBetTableViewCell.h; sourceTree = "<group>"; };
		D0797D04193249DE00002349 /* MyBetTableViewCell.m */ = {isa = PBXFileReference; fileEncoding = 4; lastKnownFileType = sourcecode.c.objc; path = MyBetTableViewCell.m; sourceTree = "<group>"; };
		D0797D061932586E00002349 /* showDetailsViewController.h */ = {isa = PBXFileReference; fileEncoding = 4; lastKnownFileType = sourcecode.c.h; path = showDetailsViewController.h; sourceTree = "<group>"; };
		D0797D071932586E00002349 /* showDetailsViewController.m */ = {isa = PBXFileReference; fileEncoding = 4; lastKnownFileType = sourcecode.c.objc; path = showDetailsViewController.m; sourceTree = "<group>"; };
		D0797D081932586E00002349 /* showDetailsViewController.xib */ = {isa = PBXFileReference; fileEncoding = 4; lastKnownFileType = file.xib; path = showDetailsViewController.xib; sourceTree = "<group>"; };
		D0797D0D193465FC00002349 /* en */ = {isa = PBXFileReference; lastKnownFileType = text.plist.strings; name = en; path = en.lproj/UMSocialLocalizable.strings; sourceTree = "<group>"; };
		D0797D0F193465FC00002349 /* UMSocial.h */ = {isa = PBXFileReference; fileEncoding = 4; lastKnownFileType = sourcecode.c.h; path = UMSocial.h; sourceTree = "<group>"; };
		D0797D10193465FC00002349 /* UMSocialAccountManager.h */ = {isa = PBXFileReference; fileEncoding = 4; lastKnownFileType = sourcecode.c.h; path = UMSocialAccountManager.h; sourceTree = "<group>"; };
		D0797D11193465FC00002349 /* UMSocialBar.h */ = {isa = PBXFileReference; fileEncoding = 4; lastKnownFileType = sourcecode.c.h; path = UMSocialBar.h; sourceTree = "<group>"; };
		D0797D12193465FC00002349 /* UMSocialConfig.h */ = {isa = PBXFileReference; fileEncoding = 4; lastKnownFileType = sourcecode.c.h; path = UMSocialConfig.h; sourceTree = "<group>"; };
		D0797D13193465FC00002349 /* UMSocialControllerService.h */ = {isa = PBXFileReference; fileEncoding = 4; lastKnownFileType = sourcecode.c.h; path = UMSocialControllerService.h; sourceTree = "<group>"; };
		D0797D14193465FC00002349 /* UMSocialControllerServiceComment.h */ = {isa = PBXFileReference; fileEncoding = 4; lastKnownFileType = sourcecode.c.h; path = UMSocialControllerServiceComment.h; sourceTree = "<group>"; };
		D0797D15193465FC00002349 /* UMSocialData.h */ = {isa = PBXFileReference; fileEncoding = 4; lastKnownFileType = sourcecode.c.h; path = UMSocialData.h; sourceTree = "<group>"; };
		D0797D16193465FC00002349 /* UMSocialDataService.h */ = {isa = PBXFileReference; fileEncoding = 4; lastKnownFileType = sourcecode.c.h; path = UMSocialDataService.h; sourceTree = "<group>"; };
		D0797D17193465FC00002349 /* UMSocialSnsData.h */ = {isa = PBXFileReference; fileEncoding = 4; lastKnownFileType = sourcecode.c.h; path = UMSocialSnsData.h; sourceTree = "<group>"; };
		D0797D18193465FC00002349 /* UMSocialSnsPlatformManager.h */ = {isa = PBXFileReference; fileEncoding = 4; lastKnownFileType = sourcecode.c.h; path = UMSocialSnsPlatformManager.h; sourceTree = "<group>"; };
		D0797D19193465FC00002349 /* UMSocialSnsService.h */ = {isa = PBXFileReference; fileEncoding = 4; lastKnownFileType = sourcecode.c.h; path = UMSocialSnsService.h; sourceTree = "<group>"; };
		D0797D1A193465FC00002349 /* libUMSocial_Sdk_3.3.8.a */ = {isa = PBXFileReference; lastKnownFileType = archive.ar; path = libUMSocial_Sdk_3.3.8.a; sourceTree = "<group>"; };
		D0797D1C193465FC00002349 /* UMSCommentDetailController.xib */ = {isa = PBXFileReference; fileEncoding = 4; lastKnownFileType = file.xib; path = UMSCommentDetailController.xib; sourceTree = "<group>"; };
		D0797D1D193465FC00002349 /* UMSCommentInputController.xib */ = {isa = PBXFileReference; fileEncoding = 4; lastKnownFileType = file.xib; path = UMSCommentInputController.xib; sourceTree = "<group>"; };
		D0797D1E193465FC00002349 /* UMSCommentInputControlleriPad.xib */ = {isa = PBXFileReference; fileEncoding = 4; lastKnownFileType = file.xib; path = UMSCommentInputControlleriPad.xib; sourceTree = "<group>"; };
		D0797D1F193465FC00002349 /* UMShareEditViewController.xib */ = {isa = PBXFileReference; fileEncoding = 4; lastKnownFileType = file.xib; path = UMShareEditViewController.xib; sourceTree = "<group>"; };
		D0797D20193465FC00002349 /* UMShareEditViewControlleriPad.xib */ = {isa = PBXFileReference; fileEncoding = 4; lastKnownFileType = file.xib; path = UMShareEditViewControlleriPad.xib; sourceTree = "<group>"; };
		D0797D21193465FC00002349 /* UMSLoginViewController.xib */ = {isa = PBXFileReference; fileEncoding = 4; lastKnownFileType = file.xib; path = UMSLoginViewController.xib; sourceTree = "<group>"; };
		D0797D22193465FC00002349 /* UMSnsAccountViewController.xib */ = {isa = PBXFileReference; fileEncoding = 4; lastKnownFileType = file.xib; path = UMSnsAccountViewController.xib; sourceTree = "<group>"; };
		D0797D23193465FC00002349 /* UMSShareListController.xib */ = {isa = PBXFileReference; fileEncoding = 4; lastKnownFileType = file.xib; path = UMSShareListController.xib; sourceTree = "<group>"; };
		D0797D24193465FC00002349 /* UMSocialSDKResourcesNew.bundle */ = {isa = PBXFileReference; lastKnownFileType = "wrapper.plug-in"; path = UMSocialSDKResourcesNew.bundle; sourceTree = "<group>"; };
		D0797D25193465FC00002349 /* zh-Hans */ = {isa = PBXFileReference; lastKnownFileType = text.plist.strings; name = "zh-Hans"; path = "zh-Hans.lproj/UMSocialLocalizable.strings"; sourceTree = "<group>"; };
		D0797D3219346A1100002349 /* libSocialWechat.a */ = {isa = PBXFileReference; lastKnownFileType = archive.ar; path = libSocialWechat.a; sourceTree = "<group>"; };
		D0797D3319346A1100002349 /* libWeChatSDK.a */ = {isa = PBXFileReference; lastKnownFileType = archive.ar; path = libWeChatSDK.a; sourceTree = "<group>"; };
		D0797D3419346A1100002349 /* UMSocialWechatHandler.h */ = {isa = PBXFileReference; fileEncoding = 4; lastKnownFileType = sourcecode.c.h; path = UMSocialWechatHandler.h; sourceTree = "<group>"; };
		D0797D3519346A1100002349 /* WXApi.h */ = {isa = PBXFileReference; fileEncoding = 4; lastKnownFileType = sourcecode.c.h; path = WXApi.h; sourceTree = "<group>"; };
		D0797D3619346A1100002349 /* WXApiObject.h */ = {isa = PBXFileReference; fileEncoding = 4; lastKnownFileType = sourcecode.c.h; path = WXApiObject.h; sourceTree = "<group>"; };
/* End PBXFileReference section */

/* Begin PBXFrameworksBuildPhase section */
		D0797CAC192918DB00002349 /* Frameworks */ = {
			isa = PBXFrameworksBuildPhase;
			buildActionMask = 2147483647;
			files = (
				D0797D27193465FC00002349 /* libUMSocial_Sdk_3.3.8.a in Frameworks */,
				D0797D3719346A1100002349 /* libSocialWechat.a in Frameworks */,
				D0797D3819346A1100002349 /* libWeChatSDK.a in Frameworks */,
				D0797CB5192918DB00002349 /* CoreGraphics.framework in Frameworks */,
				D0797CB7192918DB00002349 /* UIKit.framework in Frameworks */,
				D0797CB3192918DB00002349 /* Foundation.framework in Frameworks */,
			);
			runOnlyForDeploymentPostprocessing = 0;
		};
		D0797CCD192918DB00002349 /* Frameworks */ = {
			isa = PBXFrameworksBuildPhase;
			buildActionMask = 2147483647;
			files = (
				D0797CD2192918DB00002349 /* XCTest.framework in Frameworks */,
				D0797CD4192918DB00002349 /* UIKit.framework in Frameworks */,
				D0797CD3192918DB00002349 /* Foundation.framework in Frameworks */,
			);
			runOnlyForDeploymentPostprocessing = 0;
		};
/* End PBXFrameworksBuildPhase section */

/* Begin PBXGroup section */
		92B7355E19325F6800EB1E84 /* iPad */ = {
			isa = PBXGroup;
			children = (
			);
			name = iPad;
			sourceTree = "<group>";
		};
		D0797CA6192918DB00002349 = {
			isa = PBXGroup;
			children = (
				D0797CB8192918DB00002349 /* LetsBet */,
				D0797CD7192918DB00002349 /* LetsBetTests */,
				D0797CB1192918DB00002349 /* Frameworks */,
				D0797CB0192918DB00002349 /* Products */,
			);
			sourceTree = "<group>";
		};
		D0797CB0192918DB00002349 /* Products */ = {
			isa = PBXGroup;
			children = (
				D0797CAF192918DB00002349 /* LetsBet.app */,
				D0797CD0192918DB00002349 /* LetsBetTests.xctest */,
			);
			name = Products;
			sourceTree = "<group>";
		};
		D0797CB1192918DB00002349 /* Frameworks */ = {
			isa = PBXGroup;
			children = (
				D0797CB2192918DB00002349 /* Foundation.framework */,
				D0797CB4192918DB00002349 /* CoreGraphics.framework */,
				D0797CB6192918DB00002349 /* UIKit.framework */,
				D0797CD1192918DB00002349 /* XCTest.framework */,
			);
			name = Frameworks;
			sourceTree = "<group>";
		};
		D0797CB8192918DB00002349 /* LetsBet */ = {
			isa = PBXGroup;
			children = (
				D0797D3119346A1100002349 /* Wechat */,
				D0797D0B193465FC00002349 /* UMSocial_Sdk_3.3.8 */,
				D0797CC1192918DB00002349 /* BetAppDelegate.h */,
				D0797CC2192918DB00002349 /* BetAppDelegate.m */,
				D0797D061932586E00002349 /* showDetailsViewController.h */,
				D0797D071932586E00002349 /* showDetailsViewController.m */,
				D0797D081932586E00002349 /* showDetailsViewController.xib */,
				D0797CC4192918DB00002349 /* Main.storyboard */,
				D0797D03193249DE00002349 /* MyBetTableViewCell.h */,
				D0797D04193249DE00002349 /* MyBetTableViewCell.m */,
				D0797CF81931CEF800002349 /* DiscoveryTableViewCell.h */,
				D0797CF91931CEF800002349 /* DiscoveryTableViewCell.m */,
				D0797CF31929D65B00002349 /* BetLoginViewController.h */,
				D0797CF41929D65B00002349 /* BetLoginViewController.m */,
				D0797CF51929D65B00002349 /* BetLoginViewController.xib */,
				D0797CF01929213900002349 /* MyBetTableViewController.h */,
				D0797CF11929213900002349 /* MyBetTableViewController.m */,
				D0797CED1929210500002349 /* BetDiscoveryTableViewController.h */,
				D0797CEE1929210500002349 /* BetDiscoveryTableViewController.m */,
				D0797D001932264E00002349 /* BetInfo.h */,
				D0797D011932264E00002349 /* BetInfo.m */,
				D0797CFB1931E1C900002349 /* BetAddViewController.h */,
				D0797CFC1931E1C900002349 /* BetAddViewController.m */,
				D0797CFD1931E1C900002349 /* BetAddViewController.xib */,
				D0797CCA192918DB00002349 /* Images.xcassets */,
				D0797CB9192918DB00002349 /* Supporting Files */,
			);
			path = LetsBet;
			sourceTree = "<group>";
		};
		D0797CB9192918DB00002349 /* Supporting Files */ = {
			isa = PBXGroup;
			children = (
				D0797CBA192918DB00002349 /* LetsBet-Info.plist */,
				D0797CBB192918DB00002349 /* InfoPlist.strings */,
				D0797CBE192918DB00002349 /* main.m */,
				D0797CC0192918DB00002349 /* LetsBet-Prefix.pch */,
			);
			name = "Supporting Files";
			sourceTree = "<group>";
		};
		D0797CD7192918DB00002349 /* LetsBetTests */ = {
			isa = PBXGroup;
			children = (
				D0797CDD192918DB00002349 /* LetsBetTests.m */,
				D0797CD8192918DB00002349 /* Supporting Files */,
			);
			path = LetsBetTests;
			sourceTree = "<group>";
		};
		D0797CD8192918DB00002349 /* Supporting Files */ = {
			isa = PBXGroup;
			children = (
				D0797CD9192918DB00002349 /* LetsBetTests-Info.plist */,
				D0797CDA192918DB00002349 /* InfoPlist.strings */,
			);
			name = "Supporting Files";
			sourceTree = "<group>";
		};
		D0797D0B193465FC00002349 /* UMSocial_Sdk_3.3.8 */ = {
			isa = PBXGroup;
			children = (
				D0797D0C193465FC00002349 /* UMSocialLocalizable.strings */,
				D0797D0E193465FC00002349 /* Header */,
				D0797D1A193465FC00002349 /* libUMSocial_Sdk_3.3.8.a */,
				D0797D1B193465FC00002349 /* SocialSDKXib */,
				D0797D24193465FC00002349 /* UMSocialSDKResourcesNew.bundle */,
			);
			path = UMSocial_Sdk_3.3.8;
			sourceTree = "<group>";
		};
		D0797D0E193465FC00002349 /* Header */ = {
			isa = PBXGroup;
			children = (
				D0797D0F193465FC00002349 /* UMSocial.h */,
				D0797D10193465FC00002349 /* UMSocialAccountManager.h */,
				D0797D11193465FC00002349 /* UMSocialBar.h */,
				D0797D12193465FC00002349 /* UMSocialConfig.h */,
				D0797D13193465FC00002349 /* UMSocialControllerService.h */,
				D0797D14193465FC00002349 /* UMSocialControllerServiceComment.h */,
				D0797D15193465FC00002349 /* UMSocialData.h */,
				D0797D16193465FC00002349 /* UMSocialDataService.h */,
				D0797D17193465FC00002349 /* UMSocialSnsData.h */,
				D0797D18193465FC00002349 /* UMSocialSnsPlatformManager.h */,
				D0797D19193465FC00002349 /* UMSocialSnsService.h */,
			);
			path = Header;
			sourceTree = "<group>";
		};
		D0797D1B193465FC00002349 /* SocialSDKXib */ = {
			isa = PBXGroup;
			children = (
				D0797D1C193465FC00002349 /* UMSCommentDetailController.xib */,
				D0797D1D193465FC00002349 /* UMSCommentInputController.xib */,
				D0797D1E193465FC00002349 /* UMSCommentInputControlleriPad.xib */,
				D0797D1F193465FC00002349 /* UMShareEditViewController.xib */,
				D0797D20193465FC00002349 /* UMShareEditViewControlleriPad.xib */,
				D0797D21193465FC00002349 /* UMSLoginViewController.xib */,
				D0797D22193465FC00002349 /* UMSnsAccountViewController.xib */,
				D0797D23193465FC00002349 /* UMSShareListController.xib */,
			);
			path = SocialSDKXib;
			sourceTree = "<group>";
		};
		D0797D3119346A1100002349 /* Wechat */ = {
			isa = PBXGroup;
			children = (
				D0797D3219346A1100002349 /* libSocialWechat.a */,
				D0797D3319346A1100002349 /* libWeChatSDK.a */,
				D0797D3419346A1100002349 /* UMSocialWechatHandler.h */,
				D0797D3519346A1100002349 /* WXApi.h */,
				D0797D3619346A1100002349 /* WXApiObject.h */,
			);
			path = Wechat;
			sourceTree = "<group>";
		};
/* End PBXGroup section */

/* Begin PBXNativeTarget section */
		D0797CAE192918DB00002349 /* LetsBet */ = {
			isa = PBXNativeTarget;
			buildConfigurationList = D0797CE1192918DB00002349 /* Build configuration list for PBXNativeTarget "LetsBet" */;
			buildPhases = (
				D0797CAB192918DB00002349 /* Sources */,
				D0797CAC192918DB00002349 /* Frameworks */,
				D0797CAD192918DB00002349 /* Resources */,
			);
			buildRules = (
			);
			dependencies = (
			);
			name = LetsBet;
			productName = LetsBet;
			productReference = D0797CAF192918DB00002349 /* LetsBet.app */;
			productType = "com.apple.product-type.application";
		};
		D0797CCF192918DB00002349 /* LetsBetTests */ = {
			isa = PBXNativeTarget;
			buildConfigurationList = D0797CE4192918DB00002349 /* Build configuration list for PBXNativeTarget "LetsBetTests" */;
			buildPhases = (
				D0797CCC192918DB00002349 /* Sources */,
				D0797CCD192918DB00002349 /* Frameworks */,
				D0797CCE192918DB00002349 /* Resources */,
			);
			buildRules = (
			);
			dependencies = (
				D0797CD6192918DB00002349 /* PBXTargetDependency */,
			);
			name = LetsBetTests;
			productName = LetsBetTests;
			productReference = D0797CD0192918DB00002349 /* LetsBetTests.xctest */;
			productType = "com.apple.product-type.bundle.unit-test";
		};
/* End PBXNativeTarget section */

/* Begin PBXProject section */
		D0797CA7192918DB00002349 /* Project object */ = {
			isa = PBXProject;
			attributes = {
				CLASSPREFIX = Bet;
				LastUpgradeCheck = 0510;
				ORGANIZATIONNAME = Larkin;
				TargetAttributes = {
					D0797CCF192918DB00002349 = {
						TestTargetID = D0797CAE192918DB00002349;
					};
				};
			};
			buildConfigurationList = D0797CAA192918DB00002349 /* Build configuration list for PBXProject "LetsBet" */;
			compatibilityVersion = "Xcode 3.2";
			developmentRegion = English;
			hasScannedForEncodings = 0;
			knownRegions = (
				en,
				Base,
				"zh-Hans",
			);
			mainGroup = D0797CA6192918DB00002349;
			productRefGroup = D0797CB0192918DB00002349 /* Products */;
			projectDirPath = "";
			projectRoot = "";
			targets = (
				D0797CAE192918DB00002349 /* LetsBet */,
				D0797CCF192918DB00002349 /* LetsBetTests */,
			);
		};
/* End PBXProject section */

/* Begin PBXResourcesBuildPhase section */
		D0797CAD192918DB00002349 /* Resources */ = {
			isa = PBXResourcesBuildPhase;
			buildActionMask = 2147483647;
			files = (
				D0797D0A1932586E00002349 /* showDetailsViewController.xib in Resources */,
				D0797CFF1931E1C900002349 /* BetAddViewController.xib in Resources */,
				D0797D2C193465FC00002349 /* UMShareEditViewControlleriPad.xib in Resources */,
				D0797CCB192918DB00002349 /* Images.xcassets in Resources */,
				D0797CBD192918DB00002349 /* InfoPlist.strings in Resources */,
				D0797D2F193465FC00002349 /* UMSShareListController.xib in Resources */,
				D0797D2D193465FC00002349 /* UMSLoginViewController.xib in Resources */,
				D0797CF71929D65B00002349 /* BetLoginViewController.xib in Resources */,
				D0797CC6192918DB00002349 /* Main.storyboard in Resources */,
				D0797D29193465FC00002349 /* UMSCommentInputController.xib in Resources */,
				D0797D30193465FC00002349 /* UMSocialSDKResourcesNew.bundle in Resources */,
				D0797D28193465FC00002349 /* UMSCommentDetailController.xib in Resources */,
				D0797D2B193465FC00002349 /* UMShareEditViewController.xib in Resources */,
				D0797D2A193465FC00002349 /* UMSCommentInputControlleriPad.xib in Resources */,
				D0797D26193465FC00002349 /* UMSocialLocalizable.strings in Resources */,
				D0797D2E193465FC00002349 /* UMSnsAccountViewController.xib in Resources */,
			);
			runOnlyForDeploymentPostprocessing = 0;
		};
		D0797CCE192918DB00002349 /* Resources */ = {
			isa = PBXResourcesBuildPhase;
			buildActionMask = 2147483647;
			files = (
				D0797CDC192918DB00002349 /* InfoPlist.strings in Resources */,
			);
			runOnlyForDeploymentPostprocessing = 0;
		};
/* End PBXResourcesBuildPhase section */

/* Begin PBXSourcesBuildPhase section */
		D0797CAB192918DB00002349 /* Sources */ = {
			isa = PBXSourcesBuildPhase;
			buildActionMask = 2147483647;
			files = (
				D0797D091932586E00002349 /* showDetailsViewController.m in Sources */,
				D0797CFE1931E1C900002349 /* BetAddViewController.m in Sources */,
				D0797CF61929D65B00002349 /* BetLoginViewController.m in Sources */,
				D0797CC3192918DB00002349 /* BetAppDelegate.m in Sources */,
				D0797D021932264E00002349 /* BetInfo.m in Sources */,
				D0797CF21929213900002349 /* MyBetTableViewController.m in Sources */,
				D0797CBF192918DB00002349 /* main.m in Sources */,
				D0797CFA1931CEF800002349 /* DiscoveryTableViewCell.m in Sources */,
				D0797CEF1929210500002349 /* BetDiscoveryTableViewController.m in Sources */,
				D0797D05193249DE00002349 /* MyBetTableViewCell.m in Sources */,
			);
			runOnlyForDeploymentPostprocessing = 0;
		};
		D0797CCC192918DB00002349 /* Sources */ = {
			isa = PBXSourcesBuildPhase;
			buildActionMask = 2147483647;
			files = (
				D0797CDE192918DB00002349 /* LetsBetTests.m in Sources */,
			);
			runOnlyForDeploymentPostprocessing = 0;
		};
/* End PBXSourcesBuildPhase section */

/* Begin PBXTargetDependency section */
		D0797CD6192918DB00002349 /* PBXTargetDependency */ = {
			isa = PBXTargetDependency;
			target = D0797CAE192918DB00002349 /* LetsBet */;
			targetProxy = D0797CD5192918DB00002349 /* PBXContainerItemProxy */;
		};
/* End PBXTargetDependency section */

/* Begin PBXVariantGroup section */
		D0797CBB192918DB00002349 /* InfoPlist.strings */ = {
			isa = PBXVariantGroup;
			children = (
				D0797CBC192918DB00002349 /* en */,
			);
			name = InfoPlist.strings;
			sourceTree = "<group>";
		};
		D0797CC4192918DB00002349 /* Main.storyboard */ = {
			isa = PBXVariantGroup;
			children = (
				D0797CC5192918DB00002349 /* Base */,
			);
			name = Main.storyboard;
			sourceTree = "<group>";
		};
		D0797CDA192918DB00002349 /* InfoPlist.strings */ = {
			isa = PBXVariantGroup;
			children = (
				D0797CDB192918DB00002349 /* en */,
			);
			name = InfoPlist.strings;
			sourceTree = "<group>";
		};
		D0797D0C193465FC00002349 /* UMSocialLocalizable.strings */ = {
			isa = PBXVariantGroup;
			children = (
				D0797D0D193465FC00002349 /* en */,
				D0797D25193465FC00002349 /* zh-Hans */,
			);
			name = UMSocialLocalizable.strings;
			sourceTree = "<group>";
		};
/* End PBXVariantGroup section */

/* Begin XCBuildConfiguration section */
		D0797CDF192918DB00002349 /* Debug */ = {
			isa = XCBuildConfiguration;
			buildSettings = {
				ALWAYS_SEARCH_USER_PATHS = NO;
				CLANG_CXX_LANGUAGE_STANDARD = "gnu++0x";
				CLANG_CXX_LIBRARY = "libc++";
				CLANG_ENABLE_MODULES = YES;
				CLANG_ENABLE_OBJC_ARC = YES;
				CLANG_WARN_BOOL_CONVERSION = YES;
				CLANG_WARN_CONSTANT_CONVERSION = YES;
				CLANG_WARN_DIRECT_OBJC_ISA_USAGE = YES_ERROR;
				CLANG_WARN_EMPTY_BODY = YES;
				CLANG_WARN_ENUM_CONVERSION = YES;
				CLANG_WARN_INT_CONVERSION = YES;
				CLANG_WARN_OBJC_ROOT_CLASS = YES_ERROR;
				CLANG_WARN__DUPLICATE_METHOD_MATCH = YES;
				"CODE_SIGN_IDENTITY[sdk=iphoneos*]" = "iPhone Developer";
				COPY_PHASE_STRIP = NO;
				GCC_C_LANGUAGE_STANDARD = gnu99;
				GCC_DYNAMIC_NO_PIC = NO;
				GCC_OPTIMIZATION_LEVEL = 0;
				GCC_PREPROCESSOR_DEFINITIONS = (
					"DEBUG=1",
					"$(inherited)",
				);
				GCC_SYMBOLS_PRIVATE_EXTERN = NO;
				GCC_WARN_64_TO_32_BIT_CONVERSION = YES;
				GCC_WARN_ABOUT_RETURN_TYPE = YES_ERROR;
				GCC_WARN_UNDECLARED_SELECTOR = YES;
				GCC_WARN_UNINITIALIZED_AUTOS = YES_AGGRESSIVE;
				GCC_WARN_UNUSED_FUNCTION = YES;
				GCC_WARN_UNUSED_VARIABLE = YES;
				IPHONEOS_DEPLOYMENT_TARGET = 7.1;
				ONLY_ACTIVE_ARCH = YES;
				SDKROOT = iphoneos;
			};
			name = Debug;
		};
		D0797CE0192918DB00002349 /* Release */ = {
			isa = XCBuildConfiguration;
			buildSettings = {
				ALWAYS_SEARCH_USER_PATHS = NO;
				CLANG_CXX_LANGUAGE_STANDARD = "gnu++0x";
				CLANG_CXX_LIBRARY = "libc++";
				CLANG_ENABLE_MODULES = YES;
				CLANG_ENABLE_OBJC_ARC = YES;
				CLANG_WARN_BOOL_CONVERSION = YES;
				CLANG_WARN_CONSTANT_CONVERSION = YES;
				CLANG_WARN_DIRECT_OBJC_ISA_USAGE = YES_ERROR;
				CLANG_WARN_EMPTY_BODY = YES;
				CLANG_WARN_ENUM_CONVERSION = YES;
				CLANG_WARN_INT_CONVERSION = YES;
				CLANG_WARN_OBJC_ROOT_CLASS = YES_ERROR;
				CLANG_WARN__DUPLICATE_METHOD_MATCH = YES;
				"CODE_SIGN_IDENTITY[sdk=iphoneos*]" = "iPhone Developer";
				COPY_PHASE_STRIP = YES;
				ENABLE_NS_ASSERTIONS = NO;
				GCC_C_LANGUAGE_STANDARD = gnu99;
				GCC_WARN_64_TO_32_BIT_CONVERSION = YES;
				GCC_WARN_ABOUT_RETURN_TYPE = YES_ERROR;
				GCC_WARN_UNDECLARED_SELECTOR = YES;
				GCC_WARN_UNINITIALIZED_AUTOS = YES_AGGRESSIVE;
				GCC_WARN_UNUSED_FUNCTION = YES;
				GCC_WARN_UNUSED_VARIABLE = YES;
				IPHONEOS_DEPLOYMENT_TARGET = 7.1;
				SDKROOT = iphoneos;
				VALIDATE_PRODUCT = YES;
			};
			name = Release;
		};
		D0797CE2192918DB00002349 /* Debug */ = {
			isa = XCBuildConfiguration;
			buildSettings = {
				ASSETCATALOG_COMPILER_APPICON_NAME = AppIcon;
				ASSETCATALOG_COMPILER_LAUNCHIMAGE_NAME = LaunchImage;
				CODE_SIGN_IDENTITY = "iPhone Developer: Yichi Zhang (X24TN7H7CX)";
				"CODE_SIGN_IDENTITY[sdk=iphoneos*]" = "iPhone Developer";
				GCC_PRECOMPILE_PREFIX_HEADER = YES;
				GCC_PREFIX_HEADER = "LetsBet/LetsBet-Prefix.pch";
				INFOPLIST_FILE = "LetsBet/LetsBet-Info.plist";
				LIBRARY_SEARCH_PATHS = (
					"$(inherited)",
					"$(PROJECT_DIR)/LetsBet/UMSocial_Sdk_3.3.8",
					"$(PROJECT_DIR)/LetsBet/Wechat",
				);
				PRODUCT_NAME = "$(TARGET_NAME)";
				PROVISIONING_PROFILE = "2B716A29-2ADB-4C71-B093-9FAAAD29F678";
				WRAPPER_EXTENSION = app;
			};
			name = Debug;
		};
		D0797CE3192918DB00002349 /* Release */ = {
			isa = XCBuildConfiguration;
			buildSettings = {
				ASSETCATALOG_COMPILER_APPICON_NAME = AppIcon;
				ASSETCATALOG_COMPILER_LAUNCHIMAGE_NAME = LaunchImage;
				CODE_SIGN_IDENTITY = "iPhone Developer: Yichi Zhang (X24TN7H7CX)";
				"CODE_SIGN_IDENTITY[sdk=iphoneos*]" = "iPhone Developer";
				GCC_PRECOMPILE_PREFIX_HEADER = YES;
				GCC_PREFIX_HEADER = "LetsBet/LetsBet-Prefix.pch";
				INFOPLIST_FILE = "LetsBet/LetsBet-Info.plist";
				LIBRARY_SEARCH_PATHS = (
					"$(inherited)",
					"$(PROJECT_DIR)/LetsBet/UMSocial_Sdk_3.3.8",
					"$(PROJECT_DIR)/LetsBet/Wechat",
				);
				PRODUCT_NAME = "$(TARGET_NAME)";
				PROVISIONING_PROFILE = "2B716A29-2ADB-4C71-B093-9FAAAD29F678";
				WRAPPER_EXTENSION = app;
			};
			name = Release;
		};
		D0797CE5192918DB00002349 /* Debug */ = {
			isa = XCBuildConfiguration;
			buildSettings = {
				BUNDLE_LOADER = "$(BUILT_PRODUCTS_DIR)/LetsBet.app/LetsBet";
				FRAMEWORK_SEARCH_PATHS = (
					"$(SDKROOT)/Developer/Library/Frameworks",
					"$(inherited)",
					"$(DEVELOPER_FRAMEWORKS_DIR)",
				);
				GCC_PRECOMPILE_PREFIX_HEADER = YES;
				GCC_PREFIX_HEADER = "LetsBet/LetsBet-Prefix.pch";
				GCC_PREPROCESSOR_DEFINITIONS = (
					"DEBUG=1",
					"$(inherited)",
				);
				INFOPLIST_FILE = "LetsBetTests/LetsBetTests-Info.plist";
				PRODUCT_NAME = "$(TARGET_NAME)";
				TEST_HOST = "$(BUNDLE_LOADER)";
				WRAPPER_EXTENSION = xctest;
			};
			name = Debug;
		};
		D0797CE6192918DB00002349 /* Release */ = {
			isa = XCBuildConfiguration;
			buildSettings = {
				BUNDLE_LOADER = "$(BUILT_PRODUCTS_DIR)/LetsBet.app/LetsBet";
				FRAMEWORK_SEARCH_PATHS = (
					"$(SDKROOT)/Developer/Library/Frameworks",
					"$(inherited)",
					"$(DEVELOPER_FRAMEWORKS_DIR)",
				);
				GCC_PRECOMPILE_PREFIX_HEADER = YES;
				GCC_PREFIX_HEADER = "LetsBet/LetsBet-Prefix.pch";
				INFOPLIST_FILE = "LetsBetTests/LetsBetTests-Info.plist";
				PRODUCT_NAME = "$(TARGET_NAME)";
				TEST_HOST = "$(BUNDLE_LOADER)";
				WRAPPER_EXTENSION = xctest;
			};
			name = Release;
		};
/* End XCBuildConfiguration section */

/* Begin XCConfigurationList section */
		D0797CAA192918DB00002349 /* Build configuration list for PBXProject "LetsBet" */ = {
			isa = XCConfigurationList;
			buildConfigurations = (
				D0797CDF192918DB00002349 /* Debug */,
				D0797CE0192918DB00002349 /* Release */,
			);
			defaultConfigurationIsVisible = 0;
			defaultConfigurationName = Release;
		};
		D0797CE1192918DB00002349 /* Build configuration list for PBXNativeTarget "LetsBet" */ = {
			isa = XCConfigurationList;
			buildConfigurations = (
				D0797CE2192918DB00002349 /* Debug */,
				D0797CE3192918DB00002349 /* Release */,
			);
			defaultConfigurationIsVisible = 0;
			defaultConfigurationName = Release;
		};
		D0797CE4192918DB00002349 /* Build configuration list for PBXNativeTarget "LetsBetTests" */ = {
			isa = XCConfigurationList;
			buildConfigurations = (
				D0797CE5192918DB00002349 /* Debug */,
				D0797CE6192918DB00002349 /* Release */,
			);
			defaultConfigurationIsVisible = 0;
			defaultConfigurationName = Release;
		};
/* End XCConfigurationList section */
	};
	rootObject = D0797CA7192918DB00002349 /* Project object */;
}
